// !$*UTF8*$!
{
	archiveVersion = 1;
	classes = {
	};
	objectVersion = 46;
	objects = {

/* Begin PBXBuildFile section */
		6E8383611830074B003AE302 /* CoreData.framework in Frameworks */ = {isa = PBXBuildFile; fileRef = 6E8383601830074B003AE302 /* CoreData.framework */; };
		6E83836718300DD5003AE302 /* PBPStore.m in Sources */ = {isa = PBXBuildFile; fileRef = 6E83836618300DD5003AE302 /* PBPStore.m */; };
		6EA00A531846B81A00733C7B /* PBPCategoriesTableViewController.m in Sources */ = {isa = PBXBuildFile; fileRef = 6EA00A521846B81A00733C7B /* PBPCategoriesTableViewController.m */; };
		6EA00A5618470EA600733C7B /* PBPOpportunitiesTableViewController.m in Sources */ = {isa = PBXBuildFile; fileRef = 6EA00A5518470EA600733C7B /* PBPOpportunitiesTableViewController.m */; };
		6EA00A5918479CD100733C7B /* PBPOpportunity.m in Sources */ = {isa = PBXBuildFile; fileRef = 6EA00A5818479CD100733C7B /* PBPOpportunity.m */; };
		6EA00A5C18479CD200733C7B /* PBPCategory.m in Sources */ = {isa = PBXBuildFile; fileRef = 6EA00A5B18479CD200733C7B /* PBPCategory.m */; };
		6EA00A5F18479CD200733C7B /* PBPState.m in Sources */ = {isa = PBXBuildFile; fileRef = 6EA00A5E18479CD200733C7B /* PBPState.m */; };
		6EAA7909182F3A05008BA55B /* Foundation.framework in Frameworks */ = {isa = PBXBuildFile; fileRef = 6EAA7908182F3A04008BA55B /* Foundation.framework */; };
		6EAA790B182F3A05008BA55B /* CoreGraphics.framework in Frameworks */ = {isa = PBXBuildFile; fileRef = 6EAA790A182F3A05008BA55B /* CoreGraphics.framework */; };
		6EAA790D182F3A05008BA55B /* UIKit.framework in Frameworks */ = {isa = PBXBuildFile; fileRef = 6EAA790C182F3A05008BA55B /* UIKit.framework */; };
		6EAA7913182F3A05008BA55B /* InfoPlist.strings in Resources */ = {isa = PBXBuildFile; fileRef = 6EAA7911182F3A05008BA55B /* InfoPlist.strings */; };
		6EAA7915182F3A05008BA55B /* main.m in Sources */ = {isa = PBXBuildFile; fileRef = 6EAA7914182F3A05008BA55B /* main.m */; };
		6EAA7919182F3A05008BA55B /* PBPAppDelegate.m in Sources */ = {isa = PBXBuildFile; fileRef = 6EAA7918182F3A05008BA55B /* PBPAppDelegate.m */; };
		6EAA791B182F3A05008BA55B /* Images.xcassets in Resources */ = {isa = PBXBuildFile; fileRef = 6EAA791A182F3A05008BA55B /* Images.xcassets */; };
		6EAA7922182F3A05008BA55B /* XCTest.framework in Frameworks */ = {isa = PBXBuildFile; fileRef = 6EAA7921182F3A05008BA55B /* XCTest.framework */; };
		6EAA7923182F3A05008BA55B /* Foundation.framework in Frameworks */ = {isa = PBXBuildFile; fileRef = 6EAA7908182F3A04008BA55B /* Foundation.framework */; };
		6EAA7924182F3A05008BA55B /* UIKit.framework in Frameworks */ = {isa = PBXBuildFile; fileRef = 6EAA790C182F3A05008BA55B /* UIKit.framework */; };
		6EAA792C182F3A05008BA55B /* InfoPlist.strings in Resources */ = {isa = PBXBuildFile; fileRef = 6EAA792A182F3A05008BA55B /* InfoPlist.strings */; };
		6EAA792E182F3A05008BA55B /* ProBono_PartershipTests.m in Sources */ = {isa = PBXBuildFile; fileRef = 6EAA792D182F3A05008BA55B /* ProBono_PartershipTests.m */; };
		6EAA7938182F3F5E008BA55B /* MainStoryboard.storyboard in Resources */ = {isa = PBXBuildFile; fileRef = 6EAA7937182F3F5E008BA55B /* MainStoryboard.storyboard */; };
		6EAA793C182F40CA008BA55B /* PBPMainViewController.m in Sources */ = {isa = PBXBuildFile; fileRef = 6EAA793B182F40CA008BA55B /* PBPMainViewController.m */; };
		6EAA7941182FDA43008BA55B /* PBPModel.xcdatamodeld in Sources */ = {isa = PBXBuildFile; fileRef = 6EAA793F182FDA43008BA55B /* PBPModel.xcdatamodeld */; };
		6EAA7945182FDA90008BA55B /* PBPAPI.m in Sources */ = {isa = PBXBuildFile; fileRef = 6EAA7944182FDA90008BA55B /* PBPAPI.m */; };
		6EBF19DA18446952003CF0AA /* PBPOpportunitiesViewController.m in Sources */ = {isa = PBXBuildFile; fileRef = 6EBF19D918446952003CF0AA /* PBPOpportunitiesViewController.m */; };
		6EBF19DD1844698A003CF0AA /* PBPCategoriesViewController.m in Sources */ = {isa = PBXBuildFile; fileRef = 6EBF19DC1844698A003CF0AA /* PBPCategoriesViewController.m */; };
		6EBF19E01845889D003CF0AA /* NSError+presentError.m in Sources */ = {isa = PBXBuildFile; fileRef = 6EBF19DF1845889D003CF0AA /* NSError+presentError.m */; };
		6EBF19E418459550003CF0AA /* PBPSettingsViewController.m in Sources */ = {isa = PBXBuildFile; fileRef = 6EBF19E318459550003CF0AA /* PBPSettingsViewController.m */; };
/* End PBXBuildFile section */

/* Begin PBXContainerItemProxy section */
		6EAA7925182F3A05008BA55B /* PBXContainerItemProxy */ = {
			isa = PBXContainerItemProxy;
			containerPortal = 6EAA78FD182F3A04008BA55B /* Project object */;
			proxyType = 1;
			remoteGlobalIDString = 6EAA7904182F3A04008BA55B;
			remoteInfo = "ProBono Partership";
		};
/* End PBXContainerItemProxy section */

/* Begin PBXFileReference section */
		6E8383601830074B003AE302 /* CoreData.framework */ = {isa = PBXFileReference; lastKnownFileType = wrapper.framework; name = CoreData.framework; path = System/Library/Frameworks/CoreData.framework; sourceTree = SDKROOT; };
		6E83836518300DD5003AE302 /* PBPStore.h */ = {isa = PBXFileReference; fileEncoding = 4; lastKnownFileType = sourcecode.c.h; path = PBPStore.h; sourceTree = "<group>"; };
		6E83836618300DD5003AE302 /* PBPStore.m */ = {isa = PBXFileReference; fileEncoding = 4; lastKnownFileType = sourcecode.c.objc; path = PBPStore.m; sourceTree = "<group>"; };
		6EA00A511846B81A00733C7B /* PBPCategoriesTableViewController.h */ = {isa = PBXFileReference; fileEncoding = 4; lastKnownFileType = sourcecode.c.h; path = PBPCategoriesTableViewController.h; sourceTree = "<group>"; };
		6EA00A521846B81A00733C7B /* PBPCategoriesTableViewController.m */ = {isa = PBXFileReference; fileEncoding = 4; lastKnownFileType = sourcecode.c.objc; path = PBPCategoriesTableViewController.m; sourceTree = "<group>"; };
		6EA00A5418470EA600733C7B /* PBPOpportunitiesTableViewController.h */ = {isa = PBXFileReference; fileEncoding = 4; lastKnownFileType = sourcecode.c.h; path = PBPOpportunitiesTableViewController.h; sourceTree = "<group>"; };
		6EA00A5518470EA600733C7B /* PBPOpportunitiesTableViewController.m */ = {isa = PBXFileReference; fileEncoding = 4; lastKnownFileType = sourcecode.c.objc; path = PBPOpportunitiesTableViewController.m; sourceTree = "<group>"; };
		6EA00A5718479CD100733C7B /* PBPOpportunity.h */ = {isa = PBXFileReference; fileEncoding = 4; lastKnownFileType = sourcecode.c.h; path = PBPOpportunity.h; sourceTree = "<group>"; };
		6EA00A5818479CD100733C7B /* PBPOpportunity.m */ = {isa = PBXFileReference; fileEncoding = 4; lastKnownFileType = sourcecode.c.objc; path = PBPOpportunity.m; sourceTree = "<group>"; };
		6EA00A5A18479CD200733C7B /* PBPCategory.h */ = {isa = PBXFileReference; fileEncoding = 4; lastKnownFileType = sourcecode.c.h; path = PBPCategory.h; sourceTree = "<group>"; };
		6EA00A5B18479CD200733C7B /* PBPCategory.m */ = {isa = PBXFileReference; fileEncoding = 4; lastKnownFileType = sourcecode.c.objc; path = PBPCategory.m; sourceTree = "<group>"; };
		6EA00A5D18479CD200733C7B /* PBPState.h */ = {isa = PBXFileReference; fileEncoding = 4; lastKnownFileType = sourcecode.c.h; path = PBPState.h; sourceTree = "<group>"; };
		6EA00A5E18479CD200733C7B /* PBPState.m */ = {isa = PBXFileReference; fileEncoding = 4; lastKnownFileType = sourcecode.c.objc; path = PBPState.m; sourceTree = "<group>"; };
		6EAA7905182F3A04008BA55B /* ProBono.app */ = {isa = PBXFileReference; explicitFileType = wrapper.application; includeInIndex = 0; path = ProBono.app; sourceTree = BUILT_PRODUCTS_DIR; };
		6EAA7908182F3A04008BA55B /* Foundation.framework */ = {isa = PBXFileReference; lastKnownFileType = wrapper.framework; name = Foundation.framework; path = System/Library/Frameworks/Foundation.framework; sourceTree = SDKROOT; };
		6EAA790A182F3A05008BA55B /* CoreGraphics.framework */ = {isa = PBXFileReference; lastKnownFileType = wrapper.framework; name = CoreGraphics.framework; path = System/Library/Frameworks/CoreGraphics.framework; sourceTree = SDKROOT; };
		6EAA790C182F3A05008BA55B /* UIKit.framework */ = {isa = PBXFileReference; lastKnownFileType = wrapper.framework; name = UIKit.framework; path = System/Library/Frameworks/UIKit.framework; sourceTree = SDKROOT; };
		6EAA7910182F3A05008BA55B /* ProBono Partership-Info.plist */ = {isa = PBXFileReference; lastKnownFileType = text.plist.xml; path = "ProBono Partership-Info.plist"; sourceTree = "<group>"; };
		6EAA7912182F3A05008BA55B /* en */ = {isa = PBXFileReference; lastKnownFileType = text.plist.strings; name = en; path = en.lproj/InfoPlist.strings; sourceTree = "<group>"; };
		6EAA7914182F3A05008BA55B /* main.m */ = {isa = PBXFileReference; lastKnownFileType = sourcecode.c.objc; path = main.m; sourceTree = "<group>"; };
		6EAA7916182F3A05008BA55B /* ProBono Partership-Prefix.pch */ = {isa = PBXFileReference; lastKnownFileType = sourcecode.c.h; path = "ProBono Partership-Prefix.pch"; sourceTree = "<group>"; };
		6EAA7917182F3A05008BA55B /* PBPAppDelegate.h */ = {isa = PBXFileReference; lastKnownFileType = sourcecode.c.h; path = PBPAppDelegate.h; sourceTree = "<group>"; };
		6EAA7918182F3A05008BA55B /* PBPAppDelegate.m */ = {isa = PBXFileReference; lastKnownFileType = sourcecode.c.objc; path = PBPAppDelegate.m; sourceTree = "<group>"; };
		6EAA791A182F3A05008BA55B /* Images.xcassets */ = {isa = PBXFileReference; lastKnownFileType = folder.assetcatalog; path = Images.xcassets; sourceTree = "<group>"; };
		6EAA7920182F3A05008BA55B /* ProBono PartershipTests.xctest */ = {isa = PBXFileReference; explicitFileType = wrapper.cfbundle; includeInIndex = 0; path = "ProBono PartershipTests.xctest"; sourceTree = BUILT_PRODUCTS_DIR; };
		6EAA7921182F3A05008BA55B /* XCTest.framework */ = {isa = PBXFileReference; lastKnownFileType = wrapper.framework; name = XCTest.framework; path = Library/Frameworks/XCTest.framework; sourceTree = DEVELOPER_DIR; };
		6EAA7929182F3A05008BA55B /* ProBono PartershipTests-Info.plist */ = {isa = PBXFileReference; lastKnownFileType = text.plist.xml; path = "ProBono PartershipTests-Info.plist"; sourceTree = "<group>"; };
		6EAA792B182F3A05008BA55B /* en */ = {isa = PBXFileReference; lastKnownFileType = text.plist.strings; name = en; path = en.lproj/InfoPlist.strings; sourceTree = "<group>"; };
		6EAA792D182F3A05008BA55B /* ProBono_PartershipTests.m */ = {isa = PBXFileReference; lastKnownFileType = sourcecode.c.objc; path = ProBono_PartershipTests.m; sourceTree = "<group>"; };
		6EAA7937182F3F5E008BA55B /* MainStoryboard.storyboard */ = {isa = PBXFileReference; fileEncoding = 4; lastKnownFileType = file.storyboard; path = MainStoryboard.storyboard; sourceTree = "<group>"; };
		6EAA793A182F40CA008BA55B /* PBPMainViewController.h */ = {isa = PBXFileReference; fileEncoding = 4; lastKnownFileType = sourcecode.c.h; path = PBPMainViewController.h; sourceTree = "<group>"; };
		6EAA793B182F40CA008BA55B /* PBPMainViewController.m */ = {isa = PBXFileReference; fileEncoding = 4; lastKnownFileType = sourcecode.c.objc; path = PBPMainViewController.m; sourceTree = "<group>"; };
		6EAA7940182FDA43008BA55B /* PBPModel.xcdatamodel */ = {isa = PBXFileReference; lastKnownFileType = wrapper.xcdatamodel; path = PBPModel.xcdatamodel; sourceTree = "<group>"; };
		6EAA7943182FDA90008BA55B /* PBPAPI.h */ = {isa = PBXFileReference; fileEncoding = 4; lastKnownFileType = sourcecode.c.h; path = PBPAPI.h; sourceTree = "<group>"; };
		6EAA7944182FDA90008BA55B /* PBPAPI.m */ = {isa = PBXFileReference; fileEncoding = 4; lastKnownFileType = sourcecode.c.objc; path = PBPAPI.m; sourceTree = "<group>"; };
		6EBF19D818446952003CF0AA /* PBPOpportunitiesViewController.h */ = {isa = PBXFileReference; fileEncoding = 4; lastKnownFileType = sourcecode.c.h; path = PBPOpportunitiesViewController.h; sourceTree = "<group>"; };
		6EBF19D918446952003CF0AA /* PBPOpportunitiesViewController.m */ = {isa = PBXFileReference; fileEncoding = 4; lastKnownFileType = sourcecode.c.objc; path = PBPOpportunitiesViewController.m; sourceTree = "<group>"; };
		6EBF19DB1844698A003CF0AA /* PBPCategoriesViewController.h */ = {isa = PBXFileReference; fileEncoding = 4; lastKnownFileType = sourcecode.c.h; path = PBPCategoriesViewController.h; sourceTree = "<group>"; };
		6EBF19DC1844698A003CF0AA /* PBPCategoriesViewController.m */ = {isa = PBXFileReference; fileEncoding = 4; lastKnownFileType = sourcecode.c.objc; path = PBPCategoriesViewController.m; sourceTree = "<group>"; };
		6EBF19DE1845889D003CF0AA /* NSError+presentError.h */ = {isa = PBXFileReference; fileEncoding = 4; lastKnownFileType = sourcecode.c.h; path = "NSError+presentError.h"; sourceTree = "<group>"; };
		6EBF19DF1845889D003CF0AA /* NSError+presentError.m */ = {isa = PBXFileReference; fileEncoding = 4; lastKnownFileType = sourcecode.c.objc; path = "NSError+presentError.m"; sourceTree = "<group>"; };
		6EBF19E218459550003CF0AA /* PBPSettingsViewController.h */ = {isa = PBXFileReference; fileEncoding = 4; lastKnownFileType = sourcecode.c.h; path = PBPSettingsViewController.h; sourceTree = "<group>"; };
		6EBF19E318459550003CF0AA /* PBPSettingsViewController.m */ = {isa = PBXFileReference; fileEncoding = 4; lastKnownFileType = sourcecode.c.objc; path = PBPSettingsViewController.m; sourceTree = "<group>"; };
/* End PBXFileReference section */

/* Begin PBXFrameworksBuildPhase section */
		6EAA7902182F3A04008BA55B /* Frameworks */ = {
			isa = PBXFrameworksBuildPhase;
			buildActionMask = 2147483647;
			files = (
				6E8383611830074B003AE302 /* CoreData.framework in Frameworks */,
				6EAA790B182F3A05008BA55B /* CoreGraphics.framework in Frameworks */,
				6EAA790D182F3A05008BA55B /* UIKit.framework in Frameworks */,
				6EAA7909182F3A05008BA55B /* Foundation.framework in Frameworks */,
			);
			runOnlyForDeploymentPostprocessing = 0;
		};
		6EAA791D182F3A05008BA55B /* Frameworks */ = {
			isa = PBXFrameworksBuildPhase;
			buildActionMask = 2147483647;
			files = (
				6EAA7922182F3A05008BA55B /* XCTest.framework in Frameworks */,
				6EAA7924182F3A05008BA55B /* UIKit.framework in Frameworks */,
				6EAA7923182F3A05008BA55B /* Foundation.framework in Frameworks */,
			);
			runOnlyForDeploymentPostprocessing = 0;
		};
/* End PBXFrameworksBuildPhase section */

/* Begin PBXGroup section */
		6EAA78FC182F3A04008BA55B = {
			isa = PBXGroup;
			children = (
				6EAA790E182F3A05008BA55B /* ProBono Partership */,
				6EAA7927182F3A05008BA55B /* ProBono PartershipTests */,
				6EAA7907182F3A04008BA55B /* Frameworks */,
				6EAA7906182F3A04008BA55B /* Products */,
			);
			sourceTree = "<group>";
		};
		6EAA7906182F3A04008BA55B /* Products */ = {
			isa = PBXGroup;
			children = (
				6EAA7905182F3A04008BA55B /* ProBono.app */,
				6EAA7920182F3A05008BA55B /* ProBono PartershipTests.xctest */,
			);
			name = Products;
			sourceTree = "<group>";
		};
		6EAA7907182F3A04008BA55B /* Frameworks */ = {
			isa = PBXGroup;
			children = (
				6E8383601830074B003AE302 /* CoreData.framework */,
				6EAA7908182F3A04008BA55B /* Foundation.framework */,
				6EAA790A182F3A05008BA55B /* CoreGraphics.framework */,
				6EAA790C182F3A05008BA55B /* UIKit.framework */,
				6EAA7921182F3A05008BA55B /* XCTest.framework */,
			);
			name = Frameworks;
			sourceTree = "<group>";
		};
		6EAA790E182F3A05008BA55B /* ProBono Partership */ = {
			isa = PBXGroup;
			children = (
				6EAA7917182F3A05008BA55B /* PBPAppDelegate.h */,
				6EAA7918182F3A05008BA55B /* PBPAppDelegate.m */,
				6EAA7937182F3F5E008BA55B /* MainStoryboard.storyboard */,
				6EAA793F182FDA43008BA55B /* PBPModel.xcdatamodeld */,
				6EAA791A182F3A05008BA55B /* Images.xcassets */,
				6EAA793E182FDA22008BA55B /* Models */,
				6EAA793D182FDA1B008BA55B /* Stores */,
				6EAA7939182F40A6008BA55B /* Controllers */,
				6EAA790F182F3A05008BA55B /* Supporting Files */,
			);
			path = "ProBono Partership";
			sourceTree = "<group>";
		};
		6EAA790F182F3A05008BA55B /* Supporting Files */ = {
			isa = PBXGroup;
			children = (
				6EAA7910182F3A05008BA55B /* ProBono Partership-Info.plist */,
				6EAA7911182F3A05008BA55B /* InfoPlist.strings */,
				6EAA7914182F3A05008BA55B /* main.m */,
				6EAA7916182F3A05008BA55B /* ProBono Partership-Prefix.pch */,
			);
			name = "Supporting Files";
			sourceTree = "<group>";
		};
		6EAA7927182F3A05008BA55B /* ProBono PartershipTests */ = {
			isa = PBXGroup;
			children = (
				6EAA792D182F3A05008BA55B /* ProBono_PartershipTests.m */,
				6EAA7928182F3A05008BA55B /* Supporting Files */,
			);
			path = "ProBono PartershipTests";
			sourceTree = "<group>";
		};
		6EAA7928182F3A05008BA55B /* Supporting Files */ = {
			isa = PBXGroup;
			children = (
				6EAA7929182F3A05008BA55B /* ProBono PartershipTests-Info.plist */,
				6EAA792A182F3A05008BA55B /* InfoPlist.strings */,
			);
			name = "Supporting Files";
			sourceTree = "<group>";
		};
		6EAA7939182F40A6008BA55B /* Controllers */ = {
			isa = PBXGroup;
			children = (
				6EAA7942182FDA62008BA55B /* View Controllers */,
				6EAA7943182FDA90008BA55B /* PBPAPI.h */,
				6EAA7944182FDA90008BA55B /* PBPAPI.m */,
			);
			name = Controllers;
			sourceTree = "<group>";
		};
		6EAA793D182FDA1B008BA55B /* Stores */ = {
			isa = PBXGroup;
			children = (
				6E83836518300DD5003AE302 /* PBPStore.h */,
				6E83836618300DD5003AE302 /* PBPStore.m */,
			);
			name = Stores;
			sourceTree = "<group>";
		};
		6EAA793E182FDA22008BA55B /* Models */ = {
			isa = PBXGroup;
			children = (
				6EA00A5D18479CD200733C7B /* PBPState.h */,
				6EA00A5E18479CD200733C7B /* PBPState.m */,
				6EA00A5A18479CD200733C7B /* PBPCategory.h */,
				6EA00A5B18479CD200733C7B /* PBPCategory.m */,
				6EA00A5718479CD100733C7B /* PBPOpportunity.h */,
				6EA00A5818479CD100733C7B /* PBPOpportunity.m */,
				6EBF19E1184588A3003CF0AA /* Categories */,
			);
			name = Models;
			sourceTree = "<group>";
		};
		6EAA7942182FDA62008BA55B /* View Controllers */ = {
			isa = PBXGroup;
			children = (
				6EAA793A182F40CA008BA55B /* PBPMainViewController.h */,
				6EAA793B182F40CA008BA55B /* PBPMainViewController.m */,
				6EBF19E218459550003CF0AA /* PBPSettingsViewController.h */,
				6EBF19E318459550003CF0AA /* PBPSettingsViewController.m */,
				6EBF19DB1844698A003CF0AA /* PBPCategoriesViewController.h */,
				6EBF19DC1844698A003CF0AA /* PBPCategoriesViewController.m */,
				6EA00A511846B81A00733C7B /* PBPCategoriesTableViewController.h */,
				6EA00A521846B81A00733C7B /* PBPCategoriesTableViewController.m */,
				6EBF19D818446952003CF0AA /* PBPOpportunitiesViewController.h */,
				6EBF19D918446952003CF0AA /* PBPOpportunitiesViewController.m */,
				6EA00A5418470EA600733C7B /* PBPOpportunitiesTableViewController.h */,
				6EA00A5518470EA600733C7B /* PBPOpportunitiesTableViewController.m */,
			);
			name = "View Controllers";
			sourceTree = "<group>";
		};
		6EBF19E1184588A3003CF0AA /* Categories */ = {
			isa = PBXGroup;
			children = (
				6EBF19DE1845889D003CF0AA /* NSError+presentError.h */,
				6EBF19DF1845889D003CF0AA /* NSError+presentError.m */,
			);
			name = Categories;
			sourceTree = "<group>";
		};
/* End PBXGroup section */

/* Begin PBXNativeTarget section */
		6EAA7904182F3A04008BA55B /* ProBono Partership */ = {
			isa = PBXNativeTarget;
			buildConfigurationList = 6EAA7931182F3A05008BA55B /* Build configuration list for PBXNativeTarget "ProBono Partership" */;
			buildPhases = (
				6EAA7901182F3A04008BA55B /* Sources */,
				6EAA7902182F3A04008BA55B /* Frameworks */,
				6EAA7903182F3A04008BA55B /* Resources */,
			);
			buildRules = (
			);
			dependencies = (
			);
			name = "ProBono Partership";
			productName = "ProBono Partership";
			productReference = 6EAA7905182F3A04008BA55B /* ProBono.app */;
			productType = "com.apple.product-type.application";
		};
		6EAA791F182F3A05008BA55B /* ProBono PartershipTests */ = {
			isa = PBXNativeTarget;
			buildConfigurationList = 6EAA7934182F3A05008BA55B /* Build configuration list for PBXNativeTarget "ProBono PartershipTests" */;
			buildPhases = (
				6EAA791C182F3A05008BA55B /* Sources */,
				6EAA791D182F3A05008BA55B /* Frameworks */,
				6EAA791E182F3A05008BA55B /* Resources */,
			);
			buildRules = (
			);
			dependencies = (
				6EAA7926182F3A05008BA55B /* PBXTargetDependency */,
			);
			name = "ProBono PartershipTests";
			productName = "ProBono PartershipTests";
			productReference = 6EAA7920182F3A05008BA55B /* ProBono PartershipTests.xctest */;
			productType = "com.apple.product-type.bundle.unit-test";
		};
/* End PBXNativeTarget section */

/* Begin PBXProject section */
		6EAA78FD182F3A04008BA55B /* Project object */ = {
			isa = PBXProject;
			attributes = {
				CLASSPREFIX = PBP;
				LastUpgradeCheck = 0500;
				ORGANIZATIONNAME = CDA;
				TargetAttributes = {
					6EAA7904182F3A04008BA55B = {
						DevelopmentTeam = 4W79SG34MW;
					};
					6EAA791F182F3A05008BA55B = {
						TestTargetID = 6EAA7904182F3A04008BA55B;
					};
				};
			};
			buildConfigurationList = 6EAA7900182F3A04008BA55B /* Build configuration list for PBXProject "ProBono Partership" */;
			compatibilityVersion = "Xcode 3.2";
			developmentRegion = English;
			hasScannedForEncodings = 0;
			knownRegions = (
				en,
			);
			mainGroup = 6EAA78FC182F3A04008BA55B;
			productRefGroup = 6EAA7906182F3A04008BA55B /* Products */;
			projectDirPath = "";
			projectRoot = "";
			targets = (
				6EAA7904182F3A04008BA55B /* ProBono Partership */,
				6EAA791F182F3A05008BA55B /* ProBono PartershipTests */,
			);
		};
/* End PBXProject section */

/* Begin PBXResourcesBuildPhase section */
		6EAA7903182F3A04008BA55B /* Resources */ = {
			isa = PBXResourcesBuildPhase;
			buildActionMask = 2147483647;
			files = (
				6EAA7938182F3F5E008BA55B /* MainStoryboard.storyboard in Resources */,
				6EAA7913182F3A05008BA55B /* InfoPlist.strings in Resources */,
				6EAA791B182F3A05008BA55B /* Images.xcassets in Resources */,
			);
			runOnlyForDeploymentPostprocessing = 0;
		};
		6EAA791E182F3A05008BA55B /* Resources */ = {
			isa = PBXResourcesBuildPhase;
			buildActionMask = 2147483647;
			files = (
				6EAA792C182F3A05008BA55B /* InfoPlist.strings in Resources */,
			);
			runOnlyForDeploymentPostprocessing = 0;
		};
/* End PBXResourcesBuildPhase section */

/* Begin PBXSourcesBuildPhase section */
		6EAA7901182F3A04008BA55B /* Sources */ = {
			isa = PBXSourcesBuildPhase;
			buildActionMask = 2147483647;
			files = (
				6E83836718300DD5003AE302 /* PBPStore.m in Sources */,
				6EA00A5618470EA600733C7B /* PBPOpportunitiesTableViewController.m in Sources */,
				6EAA7945182FDA90008BA55B /* PBPAPI.m in Sources */,
				6EBF19DD1844698A003CF0AA /* PBPCategoriesViewController.m in Sources */,
				6EBF19E418459550003CF0AA /* PBPSettingsViewController.m in Sources */,
				6EAA793C182F40CA008BA55B /* PBPMainViewController.m in Sources */,
				6EA00A5C18479CD200733C7B /* PBPCategory.m in Sources */,
				6EAA7915182F3A05008BA55B /* main.m in Sources */,
				6EA00A5F18479CD200733C7B /* PBPState.m in Sources */,
				6EBF19DA18446952003CF0AA /* PBPOpportunitiesViewController.m in Sources */,
				6EAA7919182F3A05008BA55B /* PBPAppDelegate.m in Sources */,
				6EBF19E01845889D003CF0AA /* NSError+presentError.m in Sources */,
				6EA00A5918479CD100733C7B /* PBPOpportunity.m in Sources */,
				6EAA7941182FDA43008BA55B /* PBPModel.xcdatamodeld in Sources */,
				6EA00A531846B81A00733C7B /* PBPCategoriesTableViewController.m in Sources */,
			);
			runOnlyForDeploymentPostprocessing = 0;
		};
		6EAA791C182F3A05008BA55B /* Sources */ = {
			isa = PBXSourcesBuildPhase;
			buildActionMask = 2147483647;
			files = (
				6EAA792E182F3A05008BA55B /* ProBono_PartershipTests.m in Sources */,
			);
			runOnlyForDeploymentPostprocessing = 0;
		};
/* End PBXSourcesBuildPhase section */

/* Begin PBXTargetDependency section */
		6EAA7926182F3A05008BA55B /* PBXTargetDependency */ = {
			isa = PBXTargetDependency;
			target = 6EAA7904182F3A04008BA55B /* ProBono Partership */;
			targetProxy = 6EAA7925182F3A05008BA55B /* PBXContainerItemProxy */;
		};
/* End PBXTargetDependency section */

/* Begin PBXVariantGroup section */
		6EAA7911182F3A05008BA55B /* InfoPlist.strings */ = {
			isa = PBXVariantGroup;
			children = (
				6EAA7912182F3A05008BA55B /* en */,
			);
			name = InfoPlist.strings;
			sourceTree = "<group>";
		};
		6EAA792A182F3A05008BA55B /* InfoPlist.strings */ = {
			isa = PBXVariantGroup;
			children = (
				6EAA792B182F3A05008BA55B /* en */,
			);
			name = InfoPlist.strings;
			sourceTree = "<group>";
		};
/* End PBXVariantGroup section */

/* Begin XCBuildConfiguration section */
		6EAA792F182F3A05008BA55B /* Debug */ = {
			isa = XCBuildConfiguration;
			buildSettings = {
				ALWAYS_SEARCH_USER_PATHS = NO;
				ARCHS = "$(ARCHS_STANDARD_INCLUDING_64_BIT)";
				CLANG_CXX_LANGUAGE_STANDARD = "gnu++0x";
				CLANG_CXX_LIBRARY = "libc++";
				CLANG_ENABLE_MODULES = YES;
				CLANG_ENABLE_OBJC_ARC = YES;
				CLANG_WARN_BOOL_CONVERSION = YES;
				CLANG_WARN_CONSTANT_CONVERSION = YES;
				CLANG_WARN_DIRECT_OBJC_ISA_USAGE = YES_ERROR;
				CLANG_WARN_EMPTY_BODY = YES;
				CLANG_WARN_ENUM_CONVERSION = YES;
				CLANG_WARN_INT_CONVERSION = YES;
				CLANG_WARN_OBJC_ROOT_CLASS = YES_ERROR;
				CLANG_WARN__DUPLICATE_METHOD_MATCH = YES;
				"CODE_SIGN_IDENTITY[sdk=iphoneos*]" = "iPhone Developer";
				COPY_PHASE_STRIP = NO;
				GCC_C_LANGUAGE_STANDARD = gnu99;
				GCC_DYNAMIC_NO_PIC = NO;
				GCC_OPTIMIZATION_LEVEL = 0;
				GCC_PREPROCESSOR_DEFINITIONS = (
					"DEBUG=1",
					"$(inherited)",
				);
				GCC_SYMBOLS_PRIVATE_EXTERN = NO;
				GCC_WARN_64_TO_32_BIT_CONVERSION = YES;
				GCC_WARN_ABOUT_RETURN_TYPE = YES_ERROR;
				GCC_WARN_UNDECLARED_SELECTOR = YES;
				GCC_WARN_UNINITIALIZED_AUTOS = YES;
				GCC_WARN_UNUSED_FUNCTION = YES;
				GCC_WARN_UNUSED_VARIABLE = YES;
				IPHONEOS_DEPLOYMENT_TARGET = 7.0;
				ONLY_ACTIVE_ARCH = YES;
				SDKROOT = iphoneos;
			};
			name = Debug;
		};
		6EAA7930182F3A05008BA55B /* Release */ = {
			isa = XCBuildConfiguration;
			buildSettings = {
				ALWAYS_SEARCH_USER_PATHS = NO;
				ARCHS = "$(ARCHS_STANDARD_INCLUDING_64_BIT)";
				CLANG_CXX_LANGUAGE_STANDARD = "gnu++0x";
				CLANG_CXX_LIBRARY = "libc++";
				CLANG_ENABLE_MODULES = YES;
				CLANG_ENABLE_OBJC_ARC = YES;
				CLANG_WARN_BOOL_CONVERSION = YES;
				CLANG_WARN_CONSTANT_CONVERSION = YES;
				CLANG_WARN_DIRECT_OBJC_ISA_USAGE = YES_ERROR;
				CLANG_WARN_EMPTY_BODY = YES;
				CLANG_WARN_ENUM_CONVERSION = YES;
				CLANG_WARN_INT_CONVERSION = YES;
				CLANG_WARN_OBJC_ROOT_CLASS = YES_ERROR;
				CLANG_WARN__DUPLICATE_METHOD_MATCH = YES;
				"CODE_SIGN_IDENTITY[sdk=iphoneos*]" = "iPhone Developer";
				COPY_PHASE_STRIP = YES;
				ENABLE_NS_ASSERTIONS = NO;
				GCC_C_LANGUAGE_STANDARD = gnu99;
				GCC_WARN_64_TO_32_BIT_CONVERSION = YES;
				GCC_WARN_ABOUT_RETURN_TYPE = YES_ERROR;
				GCC_WARN_UNDECLARED_SELECTOR = YES;
				GCC_WARN_UNINITIALIZED_AUTOS = YES;
				GCC_WARN_UNUSED_FUNCTION = YES;
				GCC_WARN_UNUSED_VARIABLE = YES;
				IPHONEOS_DEPLOYMENT_TARGET = 7.0;
				SDKROOT = iphoneos;
				VALIDATE_PRODUCT = YES;
			};
			name = Release;
		};
		6EAA7932182F3A05008BA55B /* Debug */ = {
			isa = XCBuildConfiguration;
			buildSettings = {
				ASSETCATALOG_COMPILER_APPICON_NAME = AppIcon;
				ASSETCATALOG_COMPILER_LAUNCHIMAGE_NAME = LaunchImage;
				CODE_SIGN_IDENTITY = "iPhone Developer";
				"CODE_SIGN_IDENTITY[sdk=iphoneos*]" = "iPhone Developer";
				GCC_PRECOMPILE_PREFIX_HEADER = YES;
				GCC_PREFIX_HEADER = "ProBono Partership/ProBono Partership-Prefix.pch";
				INFOPLIST_FILE = "ProBono Partership/ProBono Partership-Info.plist";
				PRODUCT_NAME = ProBono;
				PROVISIONING_PROFILE = "";
				WRAPPER_EXTENSION = app;
			};
			name = Debug;
		};
		6EAA7933182F3A05008BA55B /* Release */ = {
			isa = XCBuildConfiguration;
			buildSettings = {
				ASSETCATALOG_COMPILER_APPICON_NAME = AppIcon;
				ASSETCATALOG_COMPILER_LAUNCHIMAGE_NAME = LaunchImage;
				CODE_SIGN_IDENTITY = "iPhone Developer";
				"CODE_SIGN_IDENTITY[sdk=iphoneos*]" = "iPhone Developer";
				GCC_PRECOMPILE_PREFIX_HEADER = YES;
				GCC_PREFIX_HEADER = "ProBono Partership/ProBono Partership-Prefix.pch";
				INFOPLIST_FILE = "ProBono Partership/ProBono Partership-Info.plist";
				PRODUCT_NAME = ProBono;
				PROVISIONING_PROFILE = "";
				WRAPPER_EXTENSION = app;
			};
			name = Release;
		};
		6EAA7935182F3A05008BA55B /* Debug */ = {
			isa = XCBuildConfiguration;
			buildSettings = {
				ARCHS = "$(ARCHS_STANDARD_INCLUDING_64_BIT)";
				BUNDLE_LOADER = "$(BUILT_PRODUCTS_DIR)/ProBono Partership.app/ProBono Partership";
				FRAMEWORK_SEARCH_PATHS = (
					"$(SDKROOT)/Developer/Library/Frameworks",
					"$(inherited)",
					"$(DEVELOPER_FRAMEWORKS_DIR)",
				);
				GCC_PRECOMPILE_PREFIX_HEADER = YES;
				GCC_PREFIX_HEADER = "ProBono Partership/ProBono Partership-Prefix.pch";
				GCC_PREPROCESSOR_DEFINITIONS = (
					"DEBUG=1",
					"$(inherited)",
				);
				INFOPLIST_FILE = "ProBono PartershipTests/ProBono PartershipTests-Info.plist";
				PRODUCT_NAME = "$(TARGET_NAME)";
				TEST_HOST = "$(BUNDLE_LOADER)";
				WRAPPER_EXTENSION = xctest;
			};
			name = Debug;
		};
		6EAA7936182F3A05008BA55B /* Release */ = {
			isa = XCBuildConfiguration;
			buildSettings = {
				ARCHS = "$(ARCHS_STANDARD_INCLUDING_64_BIT)";
				BUNDLE_LOADER = "$(BUILT_PRODUCTS_DIR)/ProBono Partership.app/ProBono Partership";
				FRAMEWORK_SEARCH_PATHS = (
					"$(SDKROOT)/Developer/Library/Frameworks",
					"$(inherited)",
					"$(DEVELOPER_FRAMEWORKS_DIR)",
				);
				GCC_PRECOMPILE_PREFIX_HEADER = YES;
				GCC_PREFIX_HEADER = "ProBono Partership/ProBono Partership-Prefix.pch";
				INFOPLIST_FILE = "ProBono PartershipTests/ProBono PartershipTests-Info.plist";
				PRODUCT_NAME = "$(TARGET_NAME)";
				TEST_HOST = "$(BUNDLE_LOADER)";
				WRAPPER_EXTENSION = xctest;
			};
			name = Release;
		};
/* End XCBuildConfiguration section */

/* Begin XCConfigurationList section */
		6EAA7900182F3A04008BA55B /* Build configuration list for PBXProject "ProBono Partership" */ = {
			isa = XCConfigurationList;
			buildConfigurations = (
				6EAA792F182F3A05008BA55B /* Debug */,
				6EAA7930182F3A05008BA55B /* Release */,
			);
			defaultConfigurationIsVisible = 0;
			defaultConfigurationName = Release;
		};
		6EAA7931182F3A05008BA55B /* Build configuration list for PBXNativeTarget "ProBono Partership" */ = {
			isa = XCConfigurationList;
			buildConfigurations = (
				6EAA7932182F3A05008BA55B /* Debug */,
				6EAA7933182F3A05008BA55B /* Release */,
			);
			defaultConfigurationIsVisible = 0;
			defaultConfigurationName = Release;
		};
		6EAA7934182F3A05008BA55B /* Build configuration list for PBXNativeTarget "ProBono PartershipTests" */ = {
			isa = XCConfigurationList;
			buildConfigurations = (
				6EAA7935182F3A05008BA55B /* Debug */,
				6EAA7936182F3A05008BA55B /* Release */,
			);
			defaultConfigurationIsVisible = 0;
			defaultConfigurationName = Release;
		};
/* End XCConfigurationList section */

/* Begin XCVersionGroup section */
		6EAA793F182FDA43008BA55B /* PBPModel.xcdatamodeld */ = {
			isa = XCVersionGroup;
			children = (
				6EAA7940182FDA43008BA55B /* PBPModel.xcdatamodel */,
			);
			currentVersion = 6EAA7940182FDA43008BA55B /* PBPModel.xcdatamodel */;
			path = PBPModel.xcdatamodeld;
			sourceTree = "<group>";
			versionGroupType = wrapper.xcdatamodel;
		};
/* End XCVersionGroup section */
	};
	rootObject = 6EAA78FD182F3A04008BA55B /* Project object */;
}
